
Microsoft Visual Studio Solution File, Format Version 12.00
# Visual Studio 15
VisualStudioVersion = 15.0.27703.2026
MinimumVisualStudioVersion = 10.0.40219.1
Project("{9A19103F-16F7-4668-BE54-9A1E7A4F7556}") = "Matrix42Integrator", "Matrix42Integrator\Matrix42Integrator.csproj", "{FF572E0F-59DD-44B5-8B6A-C1A3A2CB047D}"
EndProject
Project("{9A19103F-16F7-4668-BE54-9A1E7A4F7556}") = "OrdersService", "OrdersService\OrdersService.csproj", "{46DA2988-7F3C-4D88-9B5F-7596A6CD3E5E}"
EndProject
Project("{9A19103F-16F7-4668-BE54-9A1E7A4F7556}") = "Matrix42Integrator.SecurityLayer", "Matrix42Integrator.SecurityLayer\Matrix42Integrator.SecurityLayer.csproj", "{DC655C34-34C1-409A-BB2C-E2EE2181DFDB}"
EndProject
Project("{9A19103F-16F7-4668-BE54-9A1E7A4F7556}") = "Matrix42Integrator.BusinessLayer", "Matrix42Integrator.BusinessLayer\Matrix42Integrator.BusinessLayer.csproj", "{1017D66B-30D6-4ED0-B6AA-38CD65103A45}"
EndProject
Project("{FAE04EC0-301F-11D3-BF4B-00C04F79EFBC}") = "Matrix42Integrator.Contracts", "Matrix42Integrator.Contracts\Matrix42Integrator.Contracts.csproj", "{CAC8B07E-5E4E-441C-8A89-6131A7F3B4B2}"
EndProject
Global
	GlobalSection(SolutionConfigurationPlatforms) = preSolution
		Debug|Any CPU = Debug|Any CPU
		Release|Any CPU = Release|Any CPU
	EndGlobalSection
	GlobalSection(ProjectConfigurationPlatforms) = postSolution
		{FF572E0F-59DD-44B5-8B6A-C1A3A2CB047D}.Debug|Any CPU.ActiveCfg = Debug|Any CPU
		{FF572E0F-59DD-44B5-8B6A-C1A3A2CB047D}.Debug|Any CPU.Build.0 = Debug|Any CPU
		{FF572E0F-59DD-44B5-8B6A-C1A3A2CB047D}.Release|Any CPU.ActiveCfg = Release|Any CPU
		{FF572E0F-59DD-44B5-8B6A-C1A3A2CB047D}.Release|Any CPU.Build.0 = Release|Any CPU
		{46DA2988-7F3C-4D88-9B5F-7596A6CD3E5E}.Debug|Any CPU.ActiveCfg = Debug|Any CPU
		{46DA2988-7F3C-4D88-9B5F-7596A6CD3E5E}.Debug|Any CPU.Build.0 = Debug|Any CPU
		{46DA2988-7F3C-4D88-9B5F-7596A6CD3E5E}.Release|Any CPU.ActiveCfg = Release|Any CPU
		{46DA2988-7F3C-4D88-9B5F-7596A6CD3E5E}.Release|Any CPU.Build.0 = Release|Any CPU
		{DC655C34-34C1-409A-BB2C-E2EE2181DFDB}.Debug|Any CPU.ActiveCfg = Debug|Any CPU
		{DC655C34-34C1-409A-BB2C-E2EE2181DFDB}.Debug|Any CPU.Build.0 = Debug|Any CPU
		{DC655C34-34C1-409A-BB2C-E2EE2181DFDB}.Release|Any CPU.ActiveCfg = Release|Any CPU
		{DC655C34-34C1-409A-BB2C-E2EE2181DFDB}.Release|Any CPU.Build.0 = Release|Any CPU
		{1017D66B-30D6-4ED0-B6AA-38CD65103A45}.Debug|Any CPU.ActiveCfg = Debug|Any CPU
		{1017D66B-30D6-4ED0-B6AA-38CD65103A45}.Debug|Any CPU.Build.0 = Debug|Any CPU
		{1017D66B-30D6-4ED0-B6AA-38CD65103A45}.Release|Any CPU.ActiveCfg = Release|Any CPU
		{1017D66B-30D6-4ED0-B6AA-38CD65103A45}.Release|Any CPU.Build.0 = Release|Any CPU
		{CAC8B07E-5E4E-441C-8A89-6131A7F3B4B2}.Debug|Any CPU.ActiveCfg = Debug|Any CPU
		{CAC8B07E-5E4E-441C-8A89-6131A7F3B4B2}.Debug|Any CPU.Build.0 = Debug|Any CPU
		{CAC8B07E-5E4E-441C-8A89-6131A7F3B4B2}.Release|Any CPU.ActiveCfg = Release|Any CPU
		{CAC8B07E-5E4E-441C-8A89-6131A7F3B4B2}.Release|Any CPU.Build.0 = Release|Any CPU
	EndGlobalSection
	GlobalSection(SolutionProperties) = preSolution
		HideSolutionNode = FALSE
	EndGlobalSection
	GlobalSection(ExtensibilityGlobals) = postSolution
		SolutionGuid = {1DF1F256-824B-4159-911B-2ED2B57BA26D}
	EndGlobalSection
EndGlobal
